// !$*UTF8*$!
{
	archiveVersion = 1;
	classes = {
	};
	objectVersion = 55;
	objects = {

/* Begin PBXBuildFile section */
		814CA68627B593FE00E8DD53 /* SimpleAudioPlayerApp.swift in Sources */ = {isa = PBXBuildFile; fileRef = 814CA68527B593FE00E8DD53 /* SimpleAudioPlayerApp.swift */; };
		814CA68827B593FE00E8DD53 /* ContentView.swift in Sources */ = {isa = PBXBuildFile; fileRef = 814CA68727B593FE00E8DD53 /* ContentView.swift */; };
		814CA68A27B5940600E8DD53 /* Assets.xcassets in Resources */ = {isa = PBXBuildFile; fileRef = 814CA68927B5940600E8DD53 /* Assets.xcassets */; };
		814CA68D27B5940600E8DD53 /* Preview Assets.xcassets in Resources */ = {isa = PBXBuildFile; fileRef = 814CA68C27B5940600E8DD53 /* Preview Assets.xcassets */; };
		814CA69727B5940600E8DD53 /* SimpleAudioPlayerTests.swift in Sources */ = {isa = PBXBuildFile; fileRef = 814CA69627B5940600E8DD53 /* SimpleAudioPlayerTests.swift */; };
		814CA6A127B5940600E8DD53 /* SimpleAudioPlayerUITests.swift in Sources */ = {isa = PBXBuildFile; fileRef = 814CA6A027B5940600E8DD53 /* SimpleAudioPlayerUITests.swift */; };
		814CA6A327B5940600E8DD53 /* SimpleAudioPlayerUITestsLaunchTests.swift in Sources */ = {isa = PBXBuildFile; fileRef = 814CA6A227B5940600E8DD53 /* SimpleAudioPlayerUITestsLaunchTests.swift */; };
		814CA6B027B59DD100E8DD53 /* blackbird.m4a in Resources */ = {isa = PBXBuildFile; fileRef = 814CA6AF27B59DD100E8DD53 /* blackbird.m4a */; };
/* End PBXBuildFile section */

/* Begin PBXContainerItemProxy section */
		814CA69327B5940600E8DD53 /* PBXContainerItemProxy */ = {
			isa = PBXContainerItemProxy;
			containerPortal = 814CA67A27B593FE00E8DD53 /* Project object */;
			proxyType = 1;
			remoteGlobalIDString = 814CA68127B593FE00E8DD53;
			remoteInfo = SimpleAudioPlayer;
		};
		814CA69D27B5940600E8DD53 /* PBXContainerItemProxy */ = {
			isa = PBXContainerItemProxy;
			containerPortal = 814CA67A27B593FE00E8DD53 /* Project object */;
			proxyType = 1;
			remoteGlobalIDString = 814CA68127B593FE00E8DD53;
			remoteInfo = SimpleAudioPlayer;
		};
/* End PBXContainerItemProxy section */

/* Begin PBXFileReference section */
		814CA68227B593FE00E8DD53 /* Acoustic Ambiance.app */ = {isa = PBXFileReference; explicitFileType = wrapper.application; includeInIndex = 0; path = "Acoustic Ambiance.app"; sourceTree = BUILT_PRODUCTS_DIR; };
		814CA68527B593FE00E8DD53 /* SimpleAudioPlayerApp.swift */ = {isa = PBXFileReference; lastKnownFileType = sourcecode.swift; path = SimpleAudioPlayerApp.swift; sourceTree = "<group>"; };
		814CA68727B593FE00E8DD53 /* ContentView.swift */ = {isa = PBXFileReference; lastKnownFileType = sourcecode.swift; path = ContentView.swift; sourceTree = "<group>"; };
		814CA68927B5940600E8DD53 /* Assets.xcassets */ = {isa = PBXFileReference; lastKnownFileType = folder.assetcatalog; path = Assets.xcassets; sourceTree = "<group>"; };
		814CA68C27B5940600E8DD53 /* Preview Assets.xcassets */ = {isa = PBXFileReference; lastKnownFileType = folder.assetcatalog; path = "Preview Assets.xcassets"; sourceTree = "<group>"; };
		814CA69227B5940600E8DD53 /* Acoustic AmbianceTests.xctest */ = {isa = PBXFileReference; explicitFileType = wrapper.cfbundle; includeInIndex = 0; path = "Acoustic AmbianceTests.xctest"; sourceTree = BUILT_PRODUCTS_DIR; };
		814CA69627B5940600E8DD53 /* SimpleAudioPlayerTests.swift */ = {isa = PBXFileReference; lastKnownFileType = sourcecode.swift; path = SimpleAudioPlayerTests.swift; sourceTree = "<group>"; };
		814CA69C27B5940600E8DD53 /* Acoustic AmbianceUITests.xctest */ = {isa = PBXFileReference; explicitFileType = wrapper.cfbundle; includeInIndex = 0; path = "Acoustic AmbianceUITests.xctest"; sourceTree = BUILT_PRODUCTS_DIR; };
		814CA6A027B5940600E8DD53 /* SimpleAudioPlayerUITests.swift */ = {isa = PBXFileReference; lastKnownFileType = sourcecode.swift; path = SimpleAudioPlayerUITests.swift; sourceTree = "<group>"; };
		814CA6A227B5940600E8DD53 /* SimpleAudioPlayerUITestsLaunchTests.swift */ = {isa = PBXFileReference; lastKnownFileType = sourcecode.swift; path = SimpleAudioPlayerUITestsLaunchTests.swift; sourceTree = "<group>"; };
		814CA6AF27B59DD100E8DD53 /* blackbird.m4a */ = {isa = PBXFileReference; lastKnownFileType = file; path = blackbird.m4a; sourceTree = "<group>"; };
		814CA6B127BC2F6800E8DD53 /* Info.plist */ = {isa = PBXFileReference; lastKnownFileType = text.plist; path = Info.plist; sourceTree = "<group>"; };
/* End PBXFileReference section */

/* Begin PBXFrameworksBuildPhase section */
		814CA67F27B593FE00E8DD53 /* Frameworks */ = {
			isa = PBXFrameworksBuildPhase;
			buildActionMask = 2147483647;
			files = (
			);
			runOnlyForDeploymentPostprocessing = 0;
		};
		814CA68F27B5940600E8DD53 /* Frameworks */ = {
			isa = PBXFrameworksBuildPhase;
			buildActionMask = 2147483647;
			files = (
			);
			runOnlyForDeploymentPostprocessing = 0;
		};
		814CA69927B5940600E8DD53 /* Frameworks */ = {
			isa = PBXFrameworksBuildPhase;
			buildActionMask = 2147483647;
			files = (
			);
			runOnlyForDeploymentPostprocessing = 0;
		};
/* End PBXFrameworksBuildPhase section */

/* Begin PBXGroup section */
		814CA67927B593FE00E8DD53 = {
			isa = PBXGroup;
			children = (
				814CA68427B593FE00E8DD53 /* SimpleAudioPlayer */,
				814CA69527B5940600E8DD53 /* SimpleAudioPlayerTests */,
				814CA69F27B5940600E8DD53 /* SimpleAudioPlayerUITests */,
				814CA68327B593FE00E8DD53 /* Products */,
			);
			sourceTree = "<group>";
		};
		814CA68327B593FE00E8DD53 /* Products */ = {
			isa = PBXGroup;
			children = (
				814CA68227B593FE00E8DD53 /* Acoustic Ambiance.app */,
				814CA69227B5940600E8DD53 /* Acoustic AmbianceTests.xctest */,
				814CA69C27B5940600E8DD53 /* Acoustic AmbianceUITests.xctest */,
			);
			name = Products;
			sourceTree = "<group>";
		};
		814CA68427B593FE00E8DD53 /* SimpleAudioPlayer */ = {
			isa = PBXGroup;
			children = (
				814CA6B127BC2F6800E8DD53 /* Info.plist */,
				814CA68527B593FE00E8DD53 /* SimpleAudioPlayerApp.swift */,
				814CA68727B593FE00E8DD53 /* ContentView.swift */,
				814CA6AF27B59DD100E8DD53 /* blackbird.m4a */,
				814CA68927B5940600E8DD53 /* Assets.xcassets */,
				814CA68B27B5940600E8DD53 /* Preview Content */,
			);
			path = SimpleAudioPlayer;
			sourceTree = "<group>";
		};
		814CA68B27B5940600E8DD53 /* Preview Content */ = {
			isa = PBXGroup;
			children = (
				814CA68C27B5940600E8DD53 /* Preview Assets.xcassets */,
			);
			path = "Preview Content";
			sourceTree = "<group>";
		};
		814CA69527B5940600E8DD53 /* SimpleAudioPlayerTests */ = {
			isa = PBXGroup;
			children = (
				814CA69627B5940600E8DD53 /* SimpleAudioPlayerTests.swift */,
			);
			path = SimpleAudioPlayerTests;
			sourceTree = "<group>";
		};
		814CA69F27B5940600E8DD53 /* SimpleAudioPlayerUITests */ = {
			isa = PBXGroup;
			children = (
				814CA6A027B5940600E8DD53 /* SimpleAudioPlayerUITests.swift */,
				814CA6A227B5940600E8DD53 /* SimpleAudioPlayerUITestsLaunchTests.swift */,
			);
			path = SimpleAudioPlayerUITests;
			sourceTree = "<group>";
		};
/* End PBXGroup section */

/* Begin PBXNativeTarget section */
		814CA68127B593FE00E8DD53 /* Acoustic Ambiance */ = {
			isa = PBXNativeTarget;
			buildConfigurationList = 814CA6A627B5940600E8DD53 /* Build configuration list for PBXNativeTarget "Acoustic Ambiance" */;
			buildPhases = (
				814CA67E27B593FE00E8DD53 /* Sources */,
				814CA67F27B593FE00E8DD53 /* Frameworks */,
				814CA68027B593FE00E8DD53 /* Resources */,
			);
			buildRules = (
			);
			dependencies = (
			);
			name = "Acoustic Ambiance";
			productName = SimpleAudioPlayer;
			productReference = 814CA68227B593FE00E8DD53 /* Acoustic Ambiance.app */;
			productType = "com.apple.product-type.application";
		};
		814CA69127B5940600E8DD53 /* Acoustic AmbianceTests */ = {
			isa = PBXNativeTarget;
			buildConfigurationList = 814CA6A927B5940600E8DD53 /* Build configuration list for PBXNativeTarget "Acoustic AmbianceTests" */;
			buildPhases = (
				814CA68E27B5940600E8DD53 /* Sources */,
				814CA68F27B5940600E8DD53 /* Frameworks */,
				814CA69027B5940600E8DD53 /* Resources */,
			);
			buildRules = (
			);
			dependencies = (
				814CA69427B5940600E8DD53 /* PBXTargetDependency */,
			);
			name = "Acoustic AmbianceTests";
			productName = SimpleAudioPlayerTests;
			productReference = 814CA69227B5940600E8DD53 /* Acoustic AmbianceTests.xctest */;
			productType = "com.apple.product-type.bundle.unit-test";
		};
		814CA69B27B5940600E8DD53 /* Acoustic AmbianceUITests */ = {
			isa = PBXNativeTarget;
			buildConfigurationList = 814CA6AC27B5940600E8DD53 /* Build configuration list for PBXNativeTarget "Acoustic AmbianceUITests" */;
			buildPhases = (
				814CA69827B5940600E8DD53 /* Sources */,
				814CA69927B5940600E8DD53 /* Frameworks */,
				814CA69A27B5940600E8DD53 /* Resources */,
			);
			buildRules = (
			);
			dependencies = (
				814CA69E27B5940600E8DD53 /* PBXTargetDependency */,
			);
			name = "Acoustic AmbianceUITests";
			productName = SimpleAudioPlayerUITests;
			productReference = 814CA69C27B5940600E8DD53 /* Acoustic AmbianceUITests.xctest */;
			productType = "com.apple.product-type.bundle.ui-testing";
		};
/* End PBXNativeTarget section */

/* Begin PBXProject section */
		814CA67A27B593FE00E8DD53 /* Project object */ = {
			isa = PBXProject;
			attributes = {
				BuildIndependentTargetsInParallel = 1;
				LastSwiftUpdateCheck = 1320;
				LastUpgradeCheck = 1320;
				TargetAttributes = {
					814CA68127B593FE00E8DD53 = {
						CreatedOnToolsVersion = 13.2.1;
					};
					814CA69127B5940600E8DD53 = {
						CreatedOnToolsVersion = 13.2.1;
						TestTargetID = 814CA68127B593FE00E8DD53;
					};
					814CA69B27B5940600E8DD53 = {
						CreatedOnToolsVersion = 13.2.1;
						TestTargetID = 814CA68127B593FE00E8DD53;
					};
				};
			};
			buildConfigurationList = 814CA67D27B593FE00E8DD53 /* Build configuration list for PBXProject "Acoustic Ambiance" */;
			compatibilityVersion = "Xcode 13.0";
			developmentRegion = en;
			hasScannedForEncodings = 0;
			knownRegions = (
				en,
				Base,
			);
			mainGroup = 814CA67927B593FE00E8DD53;
			productRefGroup = 814CA68327B593FE00E8DD53 /* Products */;
			projectDirPath = "";
			projectRoot = "";
			targets = (
				814CA68127B593FE00E8DD53 /* Acoustic Ambiance */,
				814CA69127B5940600E8DD53 /* Acoustic AmbianceTests */,
				814CA69B27B5940600E8DD53 /* Acoustic AmbianceUITests */,
			);
		};
/* End PBXProject section */

/* Begin PBXResourcesBuildPhase section */
		814CA68027B593FE00E8DD53 /* Resources */ = {
			isa = PBXResourcesBuildPhase;
			buildActionMask = 2147483647;
			files = (
				814CA6B027B59DD100E8DD53 /* blackbird.m4a in Resources */,
				814CA68D27B5940600E8DD53 /* Preview Assets.xcassets in Resources */,
				814CA68A27B5940600E8DD53 /* Assets.xcassets in Resources */,
			);
			runOnlyForDeploymentPostprocessing = 0;
		};
		814CA69027B5940600E8DD53 /* Resources */ = {
			isa = PBXResourcesBuildPhase;
			buildActionMask = 2147483647;
			files = (
			);
			runOnlyForDeploymentPostprocessing = 0;
		};
		814CA69A27B5940600E8DD53 /* Resources */ = {
			isa = PBXResourcesBuildPhase;
			buildActionMask = 2147483647;
			files = (
			);
			runOnlyForDeploymentPostprocessing = 0;
		};
/* End PBXResourcesBuildPhase section */

/* Begin PBXSourcesBuildPhase section */
		814CA67E27B593FE00E8DD53 /* Sources */ = {
			isa = PBXSourcesBuildPhase;
			buildActionMask = 2147483647;
			files = (
				814CA68827B593FE00E8DD53 /* ContentView.swift in Sources */,
				814CA68627B593FE00E8DD53 /* SimpleAudioPlayerApp.swift in Sources */,
			);
			runOnlyForDeploymentPostprocessing = 0;
		};
		814CA68E27B5940600E8DD53 /* Sources */ = {
			isa = PBXSourcesBuildPhase;
			buildActionMask = 2147483647;
			files = (
				814CA69727B5940600E8DD53 /* SimpleAudioPlayerTests.swift in Sources */,
			);
			runOnlyForDeploymentPostprocessing = 0;
		};
		814CA69827B5940600E8DD53 /* Sources */ = {
			isa = PBXSourcesBuildPhase;
			buildActionMask = 2147483647;
			files = (
				814CA6A327B5940600E8DD53 /* SimpleAudioPlayerUITestsLaunchTests.swift in Sources */,
				814CA6A127B5940600E8DD53 /* SimpleAudioPlayerUITests.swift in Sources */,
			);
			runOnlyForDeploymentPostprocessing = 0;
		};
/* End PBXSourcesBuildPhase section */

/* Begin PBXTargetDependency section */
		814CA69427B5940600E8DD53 /* PBXTargetDependency */ = {
			isa = PBXTargetDependency;
			target = 814CA68127B593FE00E8DD53 /* Acoustic Ambiance */;
			targetProxy = 814CA69327B5940600E8DD53 /* PBXContainerItemProxy */;
		};
		814CA69E27B5940600E8DD53 /* PBXTargetDependency */ = {
			isa = PBXTargetDependency;
			target = 814CA68127B593FE00E8DD53 /* Acoustic Ambiance */;
			targetProxy = 814CA69D27B5940600E8DD53 /* PBXContainerItemProxy */;
		};
/* End PBXTargetDependency section */

/* Begin XCBuildConfiguration section */
		814CA6A427B5940600E8DD53 /* Debug */ = {
			isa = XCBuildConfiguration;
			buildSettings = {
				ALWAYS_SEARCH_USER_PATHS = NO;
				CLANG_ANALYZER_NONNULL = YES;
				CLANG_ANALYZER_NUMBER_OBJECT_CONVERSION = YES_AGGRESSIVE;
				CLANG_CXX_LANGUAGE_STANDARD = "gnu++17";
				CLANG_CXX_LIBRARY = "libc++";
				CLANG_ENABLE_MODULES = YES;
				CLANG_ENABLE_OBJC_ARC = YES;
				CLANG_ENABLE_OBJC_WEAK = YES;
				CLANG_WARN_BLOCK_CAPTURE_AUTORELEASING = YES;
				CLANG_WARN_BOOL_CONVERSION = YES;
				CLANG_WARN_COMMA = YES;
				CLANG_WARN_CONSTANT_CONVERSION = YES;
				CLANG_WARN_DEPRECATED_OBJC_IMPLEMENTATIONS = YES;
				CLANG_WARN_DIRECT_OBJC_ISA_USAGE = YES_ERROR;
				CLANG_WARN_DOCUMENTATION_COMMENTS = YES;
				CLANG_WARN_EMPTY_BODY = YES;
				CLANG_WARN_ENUM_CONVERSION = YES;
				CLANG_WARN_INFINITE_RECURSION = YES;
				CLANG_WARN_INT_CONVERSION = YES;
				CLANG_WARN_NON_LITERAL_NULL_CONVERSION = YES;
				CLANG_WARN_OBJC_IMPLICIT_RETAIN_SELF = YES;
				CLANG_WARN_OBJC_LITERAL_CONVERSION = YES;
				CLANG_WARN_OBJC_ROOT_CLASS = YES_ERROR;
				CLANG_WARN_QUOTED_INCLUDE_IN_FRAMEWORK_HEADER = YES;
				CLANG_WARN_RANGE_LOOP_ANALYSIS = YES;
				CLANG_WARN_STRICT_PROTOTYPES = YES;
				CLANG_WARN_SUSPICIOUS_MOVE = YES;
				CLANG_WARN_UNGUARDED_AVAILABILITY = YES_AGGRESSIVE;
				CLANG_WARN_UNREACHABLE_CODE = YES;
				CLANG_WARN__DUPLICATE_METHOD_MATCH = YES;
				COPY_PHASE_STRIP = NO;
				DEBUG_INFORMATION_FORMAT = dwarf;
				ENABLE_STRICT_OBJC_MSGSEND = YES;
				ENABLE_TESTABILITY = YES;
				GCC_C_LANGUAGE_STANDARD = gnu11;
				GCC_DYNAMIC_NO_PIC = NO;
				GCC_NO_COMMON_BLOCKS = YES;
				GCC_OPTIMIZATION_LEVEL = 0;
				GCC_PREPROCESSOR_DEFINITIONS = (
					"DEBUG=1",
					"$(inherited)",
				);
				GCC_WARN_64_TO_32_BIT_CONVERSION = YES;
				GCC_WARN_ABOUT_RETURN_TYPE = YES_ERROR;
				GCC_WARN_UNDECLARED_SELECTOR = YES;
				GCC_WARN_UNINITIALIZED_AUTOS = YES_AGGRESSIVE;
				GCC_WARN_UNUSED_FUNCTION = YES;
				GCC_WARN_UNUSED_VARIABLE = YES;
				IPHONEOS_DEPLOYMENT_TARGET = 15.2;
				MTL_ENABLE_DEBUG_INFO = INCLUDE_SOURCE;
				MTL_FAST_MATH = YES;
				ONLY_ACTIVE_ARCH = YES;
				SDKROOT = iphoneos;
				SWIFT_ACTIVE_COMPILATION_CONDITIONS = DEBUG;
				SWIFT_OPTIMIZATION_LEVEL = "-Onone";
			};
			name = Debug;
		};
		814CA6A527B5940600E8DD53 /* Release */ = {
			isa = XCBuildConfiguration;
			buildSettings = {
				ALWAYS_SEARCH_USER_PATHS = NO;
				CLANG_ANALYZER_NONNULL = YES;
				CLANG_ANALYZER_NUMBER_OBJECT_CONVERSION = YES_AGGRESSIVE;
				CLANG_CXX_LANGUAGE_STANDARD = "gnu++17";
				CLANG_CXX_LIBRARY = "libc++";
				CLANG_ENABLE_MODULES = YES;
				CLANG_ENABLE_OBJC_ARC = YES;
				CLANG_ENABLE_OBJC_WEAK = YES;
				CLANG_WARN_BLOCK_CAPTURE_AUTORELEASING = YES;
				CLANG_WARN_BOOL_CONVERSION = YES;
				CLANG_WARN_COMMA = YES;
				CLANG_WARN_CONSTANT_CONVERSION = YES;
				CLANG_WARN_DEPRECATED_OBJC_IMPLEMENTATIONS = YES;
				CLANG_WARN_DIRECT_OBJC_ISA_USAGE = YES_ERROR;
				CLANG_WARN_DOCUMENTATION_COMMENTS = YES;
				CLANG_WARN_EMPTY_BODY = YES;
				CLANG_WARN_ENUM_CONVERSION = YES;
				CLANG_WARN_INFINITE_RECURSION = YES;
				CLANG_WARN_INT_CONVERSION = YES;
				CLANG_WARN_NON_LITERAL_NULL_CONVERSION = YES;
				CLANG_WARN_OBJC_IMPLICIT_RETAIN_SELF = YES;
				CLANG_WARN_OBJC_LITERAL_CONVERSION = YES;
				CLANG_WARN_OBJC_ROOT_CLASS = YES_ERROR;
				CLANG_WARN_QUOTED_INCLUDE_IN_FRAMEWORK_HEADER = YES;
				CLANG_WARN_RANGE_LOOP_ANALYSIS = YES;
				CLANG_WARN_STRICT_PROTOTYPES = YES;
				CLANG_WARN_SUSPICIOUS_MOVE = YES;
				CLANG_WARN_UNGUARDED_AVAILABILITY = YES_AGGRESSIVE;
				CLANG_WARN_UNREACHABLE_CODE = YES;
				CLANG_WARN__DUPLICATE_METHOD_MATCH = YES;
				COPY_PHASE_STRIP = NO;
				DEBUG_INFORMATION_FORMAT = "dwarf-with-dsym";
				ENABLE_NS_ASSERTIONS = NO;
				ENABLE_STRICT_OBJC_MSGSEND = YES;
				GCC_C_LANGUAGE_STANDARD = gnu11;
				GCC_NO_COMMON_BLOCKS = YES;
				GCC_WARN_64_TO_32_BIT_CONVERSION = YES;
				GCC_WARN_ABOUT_RETURN_TYPE = YES_ERROR;
				GCC_WARN_UNDECLARED_SELECTOR = YES;
				GCC_WARN_UNINITIALIZED_AUTOS = YES_AGGRESSIVE;
				GCC_WARN_UNUSED_FUNCTION = YES;
				GCC_WARN_UNUSED_VARIABLE = YES;
				IPHONEOS_DEPLOYMENT_TARGET = 15.2;
				MTL_ENABLE_DEBUG_INFO = NO;
				MTL_FAST_MATH = YES;
				SDKROOT = iphoneos;
				SWIFT_COMPILATION_MODE = wholemodule;
				SWIFT_OPTIMIZATION_LEVEL = "-O";
				VALIDATE_PRODUCT = YES;
			};
			name = Release;
		};
		814CA6A727B5940600E8DD53 /* Debug */ = {
			isa = XCBuildConfiguration;
			buildSettings = {
				ASSETCATALOG_COMPILER_APPICON_NAME = AppIcon;
				ASSETCATALOG_COMPILER_GLOBAL_ACCENT_COLOR_NAME = AccentColor;
				CODE_SIGN_STYLE = Automatic;
				CURRENT_PROJECT_VERSION = 1;
				DEVELOPMENT_ASSET_PATHS = "\"SimpleAudioPlayer/Preview Content\"";
				DEVELOPMENT_TEAM = F5C4Y658FV;
				ENABLE_PREVIEWS = YES;
				GENERATE_INFOPLIST_FILE = YES;
				INFOPLIST_FILE = SimpleAudioPlayer/Info.plist;
				INFOPLIST_KEY_LSApplicationCategoryType = "";
				INFOPLIST_KEY_UIApplicationSceneManifest_Generation = YES;
				INFOPLIST_KEY_UIApplicationSupportsIndirectInputEvents = YES;
				INFOPLIST_KEY_UISupportedInterfaceOrientations_iPad = "UIInterfaceOrientationPortrait UIInterfaceOrientationPortraitUpsideDown UIInterfaceOrientationLandscapeLeft UIInterfaceOrientationLandscapeRight";
				INFOPLIST_KEY_UISupportedInterfaceOrientations_iPhone = "UIInterfaceOrientationPortrait UIInterfaceOrientationLandscapeLeft UIInterfaceOrientationLandscapeRight";
				LD_RUNPATH_SEARCH_PATHS = (
					"$(inherited)",
					"@executable_path/Frameworks",
				);
				MARKETING_VERSION = 1.0;
				PRODUCT_BUNDLE_IDENTIFIER = com.bpeterkin.SimpleAudioPlayer;
				PRODUCT_NAME = "$(TARGET_NAME)";
				SWIFT_EMIT_LOC_STRINGS = YES;
				SWIFT_VERSION = 5.0;
				TARGETED_DEVICE_FAMILY = "1,2";
			};
			name = Debug;
		};
		814CA6A827B5940600E8DD53 /* Release */ = {
			isa = XCBuildConfiguration;
			buildSettings = {
				ASSETCATALOG_COMPILER_APPICON_NAME = AppIcon;
				ASSETCATALOG_COMPILER_GLOBAL_ACCENT_COLOR_NAME = AccentColor;
				CODE_SIGN_STYLE = Automatic;
				CURRENT_PROJECT_VERSION = 1;
				DEVELOPMENT_ASSET_PATHS = "\"SimpleAudioPlayer/Preview Content\"";
				DEVELOPMENT_TEAM = F5C4Y658FV;
				ENABLE_PREVIEWS = YES;
				GENERATE_INFOPLIST_FILE = YES;
				INFOPLIST_FILE = SimpleAudioPlayer/Info.plist;
				INFOPLIST_KEY_LSApplicationCategoryType = "";
				INFOPLIST_KEY_UIApplicationSceneManifest_Generation = YES;
				INFOPLIST_KEY_UIApplicationSupportsIndirectInputEvents = YES;
				INFOPLIST_KEY_UISupportedInterfaceOrientations_iPad = "UIInterfaceOrientationPortrait UIInterfaceOrientationPortraitUpsideDown UIInterfaceOrientationLandscapeLeft UIInterfaceOrientationLandscapeRight";
				INFOPLIST_KEY_UISupportedInterfaceOrientations_iPhone = "UIInterfaceOrientationPortrait UIInterfaceOrientationLandscapeLeft UIInterfaceOrientationLandscapeRight";
				LD_RUNPATH_SEARCH_PATHS = (
					"$(inherited)",
					"@executable_path/Frameworks",
				);
				MARKETING_VERSION = 1.0;
				PRODUCT_BUNDLE_IDENTIFIER = com.bpeterkin.SimpleAudioPlayer;
				PRODUCT_NAME = "$(TARGET_NAME)";
				SWIFT_EMIT_LOC_STRINGS = YES;
				SWIFT_VERSION = 5.0;
				TARGETED_DEVICE_FAMILY = "1,2";
			};
			name = Release;
		};
		814CA6AA27B5940600E8DD53 /* Debug */ = {
			isa = XCBuildConfiguration;
			buildSettings = {
				ALWAYS_EMBED_SWIFT_STANDARD_LIBRARIES = YES;
				BUNDLE_LOADER = "$(TEST_HOST)";
				CODE_SIGN_STYLE = Automatic;
				CURRENT_PROJECT_VERSION = 1;
				DEVELOPMENT_TEAM = F5C4Y658FV;
				GENERATE_INFOPLIST_FILE = YES;
				IPHONEOS_DEPLOYMENT_TARGET = 15.2;
				MARKETING_VERSION = 1.0;
				PRODUCT_BUNDLE_IDENTIFIER = com.bpeterkin.SimpleAudioPlayerTests;
				PRODUCT_NAME = "$(TARGET_NAME)";
				SWIFT_EMIT_LOC_STRINGS = NO;
				SWIFT_VERSION = 5.0;
				TARGETED_DEVICE_FAMILY = "1,2";
				TEST_HOST = "$(BUILT_PRODUCTS_DIR)/Acoustic Ambiance.app/Acoustic Ambiance";
			};
			name = Debug;
		};
		814CA6AB27B5940600E8DD53 /* Release */ = {
			isa = XCBuildConfiguration;
			buildSettings = {
				ALWAYS_EMBED_SWIFT_STANDARD_LIBRARIES = YES;
				BUNDLE_LOADER = "$(TEST_HOST)";
				CODE_SIGN_STYLE = Automatic;
				CURRENT_PROJECT_VERSION = 1;
				DEVELOPMENT_TEAM = F5C4Y658FV;
				GENERATE_INFOPLIST_FILE = YES;
				IPHONEOS_DEPLOYMENT_TARGET = 15.2;
				MARKETING_VERSION = 1.0;
				PRODUCT_BUNDLE_IDENTIFIER = com.bpeterkin.SimpleAudioPlayerTests;
				PRODUCT_NAME = "$(TARGET_NAME)";
				SWIFT_EMIT_LOC_STRINGS = NO;
				SWIFT_VERSION = 5.0;
				TARGETED_DEVICE_FAMILY = "1,2";
				TEST_HOST = "$(BUILT_PRODUCTS_DIR)/Acoustic Ambiance.app/Acoustic Ambiance";
			};
			name = Release;
		};
		814CA6AD27B5940600E8DD53 /* Debug */ = {
			isa = XCBuildConfiguration;
			buildSettings = {
				ALWAYS_EMBED_SWIFT_STANDARD_LIBRARIES = YES;
				CODE_SIGN_STYLE = Automatic;
				CURRENT_PROJECT_VERSION = 1;
				DEVELOPMENT_TEAM = F5C4Y658FV;
				GENERATE_INFOPLIST_FILE = YES;
				MARKETING_VERSION = 1.0;
				PRODUCT_BUNDLE_IDENTIFIER = com.bpeterkin.SimpleAudioPlayerUITests;
				PRODUCT_NAME = "$(TARGET_NAME)";
				SWIFT_EMIT_LOC_STRINGS = NO;
				SWIFT_VERSION = 5.0;
				TARGETED_DEVICE_FAMILY = "1,2";
				TEST_TARGET_NAME = SimpleAudioPlayer;
			};
			name = Debug;
		};
		814CA6AE27B5940600E8DD53 /* Release */ = {
			isa = XCBuildConfiguration;
			buildSettings = {
				ALWAYS_EMBED_SWIFT_STANDARD_LIBRARIES = YES;
				CODE_SIGN_STYLE = Automatic;
				CURRENT_PROJECT_VERSION = 1;
				DEVELOPMENT_TEAM = F5C4Y658FV;
				GENERATE_INFOPLIST_FILE = YES;
				MARKETING_VERSION = 1.0;
				PRODUCT_BUNDLE_IDENTIFIER = com.bpeterkin.SimpleAudioPlayerUITests;
				PRODUCT_NAME = "$(TARGET_NAME)";
				SWIFT_EMIT_LOC_STRINGS = NO;
				SWIFT_VERSION = 5.0;
				TARGETED_DEVICE_FAMILY = "1,2";
				TEST_TARGET_NAME = SimpleAudioPlayer;
			};
			name = Release;
		};
/* End XCBuildConfiguration section */

/* Begin XCConfigurationList section */
		814CA67D27B593FE00E8DD53 /* Build configuration list for PBXProject "Acoustic Ambiance" */ = {
			isa = XCConfigurationList;
			buildConfigurations = (
				814CA6A427B5940600E8DD53 /* Debug */,
				814CA6A527B5940600E8DD53 /* Release */,
			);
			defaultConfigurationIsVisible = 0;
			defaultConfigurationName = Release;
		};
		814CA6A627B5940600E8DD53 /* Build configuration list for PBXNativeTarget "Acoustic Ambiance" */ = {
			isa = XCConfigurationList;
			buildConfigurations = (
				814CA6A727B5940600E8DD53 /* Debug */,
				814CA6A827B5940600E8DD53 /* Release */,
			);
			defaultConfigurationIsVisible = 0;
			defaultConfigurationName = Release;
		};
		814CA6A927B5940600E8DD53 /* Build configuration list for PBXNativeTarget "Acoustic AmbianceTests" */ = {
			isa = XCConfigurationList;
			buildConfigurations = (
				814CA6AA27B5940600E8DD53 /* Debug */,
				814CA6AB27B5940600E8DD53 /* Release */,
			);
			defaultConfigurationIsVisible = 0;
			defaultConfigurationName = Release;
		};
		814CA6AC27B5940600E8DD53 /* Build configuration list for PBXNativeTarget "Acoustic AmbianceUITests" */ = {
			isa = XCConfigurationList;
			buildConfigurations = (
				814CA6AD27B5940600E8DD53 /* Debug */,
				814CA6AE27B5940600E8DD53 /* Release */,
			);
			defaultConfigurationIsVisible = 0;
			defaultConfigurationName = Release;
		};
/* End XCConfigurationList section */
	};
	rootObject = 814CA67A27B593FE00E8DD53 /* Project object */;
}
